// !$*UTF8*$!
{
	archiveVersion = 1;
	classes = {
	};
	objectVersion = 56;
	objects = {

/* Begin PBXBuildFile section */
		087792B22AE8F1D800B54A5F /* APIService.swift in Sources */ = {isa = PBXBuildFile; fileRef = 087792B12AE8F1D800B54A5F /* APIService.swift */; };
		087792B42AE8F3B600B54A5F /* ViewModel.swift in Sources */ = {isa = PBXBuildFile; fileRef = 087792B32AE8F3B600B54A5F /* ViewModel.swift */; };
		087792B62AE9003800B54A5F /* NetworkLoggerPlugin.swift in Sources */ = {isa = PBXBuildFile; fileRef = 087792B52AE9003800B54A5F /* NetworkLoggerPlugin.swift */; };
		087BC4AF2AE63D8700AF725A /* RxGesture in Frameworks */ = {isa = PBXBuildFile; productRef = 087BC4AE2AE63D8700AF725A /* RxGesture */; };
		087BC4B12AE63E3900AF725A /* RxGesture in Frameworks */ = {isa = PBXBuildFile; productRef = 087BC4B02AE63E3900AF725A /* RxGesture */; };
		087BC4B32AE64AEF00AF725A /* TextDislogVIew.swift in Sources */ = {isa = PBXBuildFile; fileRef = 087BC4B22AE64AEF00AF725A /* TextDislogVIew.swift */; };
		087BC4B52AE6602700AF725A /* LocationView.swift in Sources */ = {isa = PBXBuildFile; fileRef = 087BC4B42AE6602700AF725A /* LocationView.swift */; };
		087BC4B92AE7930B00AF725A /* libTalkingDataSDK.a in Frameworks */ = {isa = PBXBuildFile; fileRef = 087BC4B72AE7930B00AF725A /* libTalkingDataSDK.a */; };
		087BC4BC2AE7938600AF725A /* AdServices.framework in Frameworks */ = {isa = PBXBuildFile; fileRef = 087BC4BB2AE7938600AF725A /* AdServices.framework */; };
		087BC4BE2AE7939000AF725A /* iAd.framework in Frameworks */ = {isa = PBXBuildFile; fileRef = 087BC4BD2AE7939000AF725A /* iAd.framework */; };
		087BC4C02AE7939900AF725A /* StoreKit.framework in Frameworks */ = {isa = PBXBuildFile; fileRef = 087BC4BF2AE7939900AF725A /* StoreKit.framework */; };
		087BC4C22AE793AA00AF725A /* AppTrackingTransparency.framework in Frameworks */ = {isa = PBXBuildFile; fileRef = 087BC4C12AE793AA00AF725A /* AppTrackingTransparency.framework */; };
		087BC4C42AE793B300AF725A /* AdSupport.framework in Frameworks */ = {isa = PBXBuildFile; fileRef = 087BC4C32AE793B300AF725A /* AdSupport.framework */; };
		087BC4C62AE793BA00AF725A /* CoreTelephony.framework in Frameworks */ = {isa = PBXBuildFile; fileRef = 087BC4C52AE793BA00AF725A /* CoreTelephony.framework */; };
		087BC4C82AE793C200AF725A /* Security.framework in Frameworks */ = {isa = PBXBuildFile; fileRef = 087BC4C72AE793C200AF725A /* Security.framework */; };
		087BC4CA2AE793CA00AF725A /* SystemConfiguration.framework in Frameworks */ = {isa = PBXBuildFile; fileRef = 087BC4C92AE793CA00AF725A /* SystemConfiguration.framework */; };
		087BC4CC2AE793D900AF725A /* libc++.tbd in Frameworks */ = {isa = PBXBuildFile; fileRef = 087BC4CB2AE793D900AF725A /* libc++.tbd */; };
		087BC4CE2AE793E300AF725A /* libz.tbd in Frameworks */ = {isa = PBXBuildFile; fileRef = 087BC4CD2AE793E300AF725A /* libz.tbd */; };
		087BC4D22AE7A54D00AF725A /* PermissionManager.swift in Sources */ = {isa = PBXBuildFile; fileRef = 087BC4D12AE7A54D00AF725A /* PermissionManager.swift */; };
		087BC4D52AE8E9B800AF725A /* CommonModel.swift in Sources */ = {isa = PBXBuildFile; fileRef = 087BC4D42AE8E9B800AF725A /* CommonModel.swift */; };
		087BC4D82AE8EA5F00AF725A /* CommonParametersPlugin.swift in Sources */ = {isa = PBXBuildFile; fileRef = 087BC4D72AE8EA5F00AF725A /* CommonParametersPlugin.swift */; };
		D66297CC2AE36C65006CBBE4 /* CountdownButton.swift in Sources */ = {isa = PBXBuildFile; fileRef = D66297CB2AE36C65006CBBE4 /* CountdownButton.swift */; };
		D66297CE2AE36F55006CBBE4 /* WebViewController.swift in Sources */ = {isa = PBXBuildFile; fileRef = D66297CD2AE36F55006CBBE4 /* WebViewController.swift */; };
		D66297D02AE37492006CBBE4 /* MainTabController.swift in Sources */ = {isa = PBXBuildFile; fileRef = D66297CF2AE37492006CBBE4 /* MainTabController.swift */; };
		D66297D32AE375EA006CBBE4 /* HomeViewController.swift in Sources */ = {isa = PBXBuildFile; fileRef = D66297D22AE375EA006CBBE4 /* HomeViewController.swift */; };
		D66297D82AE376B5006CBBE4 /* PersonalViewController.swift in Sources */ = {isa = PBXBuildFile; fileRef = D66297D72AE376B5006CBBE4 /* PersonalViewController.swift */; };
		D66297DA2AE376C8006CBBE4 /* RankViewController.swift in Sources */ = {isa = PBXBuildFile; fileRef = D66297D92AE376C8006CBBE4 /* RankViewController.swift */; };
		D66297DC2AE376DC006CBBE4 /* ActivityViewController.swift in Sources */ = {isa = PBXBuildFile; fileRef = D66297DB2AE376DC006CBBE4 /* ActivityViewController.swift */; };
		D66297DE2AE39861006CBBE4 /* FourGridImageView.swift in Sources */ = {isa = PBXBuildFile; fileRef = D66297DD2AE39861006CBBE4 /* FourGridImageView.swift */; };
		D66297E02AE3A28A006CBBE4 /* HomeShowViewController.swift in Sources */ = {isa = PBXBuildFile; fileRef = D66297DF2AE3A28A006CBBE4 /* HomeShowViewController.swift */; };
		D66297E22AE3B1C8006CBBE4 /* BottomSheetViewController.swift in Sources */ = {isa = PBXBuildFile; fileRef = D66297E12AE3B1C8006CBBE4 /* BottomSheetViewController.swift */; };
		D66297E42AE3B1D8006CBBE4 /* BottomSheetPresentationController.swift in Sources */ = {isa = PBXBuildFile; fileRef = D66297E32AE3B1D8006CBBE4 /* BottomSheetPresentationController.swift */; };
		D66297E62AE3D5B5006CBBE4 /* HomeDetailViewController.swift in Sources */ = {isa = PBXBuildFile; fileRef = D66297E52AE3D5B5006CBBE4 /* HomeDetailViewController.swift */; };
		D66297E82AE404DC006CBBE4 /* ActivityDetailViewController.swift in Sources */ = {isa = PBXBuildFile; fileRef = D66297E72AE404DC006CBBE4 /* ActivityDetailViewController.swift */; };
		D66297EA2AE4C09E006CBBE4 /* FaceStackView.swift in Sources */ = {isa = PBXBuildFile; fileRef = D66297E92AE4C09E006CBBE4 /* FaceStackView.swift */; };
		D66297EC2AE4CC38006CBBE4 /* PersonalSettingViewController.swift in Sources */ = {isa = PBXBuildFile; fileRef = D66297EB2AE4CC38006CBBE4 /* PersonalSettingViewController.swift */; };
		D66297EE2AE4FF7E006CBBE4 /* PersonalEditViewController.swift in Sources */ = {isa = PBXBuildFile; fileRef = D66297ED2AE4FF7E006CBBE4 /* PersonalEditViewController.swift */; };
		D69090732AE354D700F7FE2E /* AppDelegate.swift in Sources */ = {isa = PBXBuildFile; fileRef = D69090722AE354D700F7FE2E /* AppDelegate.swift */; };
		D69090752AE354D700F7FE2E /* SceneDelegate.swift in Sources */ = {isa = PBXBuildFile; fileRef = D69090742AE354D700F7FE2E /* SceneDelegate.swift */; };
		D690907A2AE354D700F7FE2E /* Main.storyboard in Resources */ = {isa = PBXBuildFile; fileRef = D69090782AE354D700F7FE2E /* Main.storyboard */; };
		D690907C2AE354D800F7FE2E /* Assets.xcassets in Resources */ = {isa = PBXBuildFile; fileRef = D690907B2AE354D800F7FE2E /* Assets.xcassets */; };
		D690907F2AE354D800F7FE2E /* LaunchScreen.storyboard in Resources */ = {isa = PBXBuildFile; fileRef = D690907D2AE354D800F7FE2E /* LaunchScreen.storyboard */; };
		D690908A2AE354FE00F7FE2E /* BaseViewController.swift in Sources */ = {isa = PBXBuildFile; fileRef = D69090872AE354FE00F7FE2E /* BaseViewController.swift */; };
		D690908B2AE354FE00F7FE2E /* Extension.swift in Sources */ = {isa = PBXBuildFile; fileRef = D69090882AE354FE00F7FE2E /* Extension.swift */; };
		D690908C2AE354FE00F7FE2E /* Screen.swift in Sources */ = {isa = PBXBuildFile; fileRef = D69090892AE354FE00F7FE2E /* Screen.swift */; };
		D690908E2AE3558300F7FE2E /* LoginViewController.swift in Sources */ = {isa = PBXBuildFile; fileRef = D690908D2AE3558300F7FE2E /* LoginViewController.swift */; };
		D69090912AE3560900F7FE2E /* RxBlocking in Frameworks */ = {isa = PBXBuildFile; productRef = D69090902AE3560900F7FE2E /* RxBlocking */; };
		D69090952AE3560900F7FE2E /* RxCocoa in Frameworks */ = {isa = PBXBuildFile; productRef = D69090942AE3560900F7FE2E /* RxCocoa */; };
		D69090992AE3560900F7FE2E /* RxRelay in Frameworks */ = {isa = PBXBuildFile; productRef = D69090982AE3560900F7FE2E /* RxRelay */; };
		D690909D2AE3560900F7FE2E /* RxSwift in Frameworks */ = {isa = PBXBuildFile; productRef = D690909C2AE3560900F7FE2E /* RxSwift */; };
		D69090A22AE3563900F7FE2E /* Moya in Frameworks */ = {isa = PBXBuildFile; productRef = D69090A12AE3563900F7FE2E /* Moya */; };
		D69090A42AE3563900F7FE2E /* RxMoya in Frameworks */ = {isa = PBXBuildFile; productRef = D69090A32AE3563900F7FE2E /* RxMoya */; };
		D69090A72AE3565B00F7FE2E /* SnapKit in Frameworks */ = {isa = PBXBuildFile; productRef = D69090A62AE3565B00F7FE2E /* SnapKit */; };
/* End PBXBuildFile section */

/* Begin PBXFileReference section */
		087792B12AE8F1D800B54A5F /* APIService.swift */ = {isa = PBXFileReference; lastKnownFileType = sourcecode.swift; path = APIService.swift; sourceTree = "<group>"; };
		087792B32AE8F3B600B54A5F /* ViewModel.swift */ = {isa = PBXFileReference; lastKnownFileType = sourcecode.swift; path = ViewModel.swift; sourceTree = "<group>"; };
		087792B52AE9003800B54A5F /* NetworkLoggerPlugin.swift */ = {isa = PBXFileReference; lastKnownFileType = sourcecode.swift; path = NetworkLoggerPlugin.swift; sourceTree = "<group>"; };
		087BC4B22AE64AEF00AF725A /* TextDislogVIew.swift */ = {isa = PBXFileReference; lastKnownFileType = sourcecode.swift; path = TextDislogVIew.swift; sourceTree = "<group>"; };
		087BC4B42AE6602700AF725A /* LocationView.swift */ = {isa = PBXFileReference; lastKnownFileType = sourcecode.swift; path = LocationView.swift; sourceTree = "<group>"; };
		087BC4B72AE7930B00AF725A /* libTalkingDataSDK.a */ = {isa = PBXFileReference; lastKnownFileType = archive.ar; path = libTalkingDataSDK.a; sourceTree = "<group>"; };
		087BC4B82AE7930B00AF725A /* TalkingDataSDK.h */ = {isa = PBXFileReference; fileEncoding = 4; lastKnownFileType = sourcecode.c.h; path = TalkingDataSDK.h; sourceTree = "<group>"; };
		087BC4BB2AE7938600AF725A /* AdServices.framework */ = {isa = PBXFileReference; lastKnownFileType = wrapper.framework; name = AdServices.framework; path = System/Library/Frameworks/AdServices.framework; sourceTree = SDKROOT; };
		087BC4BD2AE7939000AF725A /* iAd.framework */ = {isa = PBXFileReference; lastKnownFileType = wrapper.framework; name = iAd.framework; path = System/Library/Frameworks/iAd.framework; sourceTree = SDKROOT; };
		087BC4BF2AE7939900AF725A /* StoreKit.framework */ = {isa = PBXFileReference; lastKnownFileType = wrapper.framework; name = StoreKit.framework; path = System/Library/Frameworks/StoreKit.framework; sourceTree = SDKROOT; };
		087BC4C12AE793AA00AF725A /* AppTrackingTransparency.framework */ = {isa = PBXFileReference; lastKnownFileType = wrapper.framework; name = AppTrackingTransparency.framework; path = System/Library/Frameworks/AppTrackingTransparency.framework; sourceTree = SDKROOT; };
		087BC4C32AE793B300AF725A /* AdSupport.framework */ = {isa = PBXFileReference; lastKnownFileType = wrapper.framework; name = AdSupport.framework; path = System/Library/Frameworks/AdSupport.framework; sourceTree = SDKROOT; };
		087BC4C52AE793BA00AF725A /* CoreTelephony.framework */ = {isa = PBXFileReference; lastKnownFileType = wrapper.framework; name = CoreTelephony.framework; path = System/Library/Frameworks/CoreTelephony.framework; sourceTree = SDKROOT; };
		087BC4C72AE793C200AF725A /* Security.framework */ = {isa = PBXFileReference; lastKnownFileType = wrapper.framework; name = Security.framework; path = System/Library/Frameworks/Security.framework; sourceTree = SDKROOT; };
		087BC4C92AE793CA00AF725A /* SystemConfiguration.framework */ = {isa = PBXFileReference; lastKnownFileType = wrapper.framework; name = SystemConfiguration.framework; path = System/Library/Frameworks/SystemConfiguration.framework; sourceTree = SDKROOT; };
		087BC4CB2AE793D900AF725A /* libc++.tbd */ = {isa = PBXFileReference; lastKnownFileType = "sourcecode.text-based-dylib-definition"; name = "libc++.tbd"; path = "usr/lib/libc++.tbd"; sourceTree = SDKROOT; };
		087BC4CD2AE793E300AF725A /* libz.tbd */ = {isa = PBXFileReference; lastKnownFileType = "sourcecode.text-based-dylib-definition"; name = libz.tbd; path = usr/lib/libz.tbd; sourceTree = SDKROOT; };
		087BC4CF2AE7959300AF725A /* FaceGuess.entitlements */ = {isa = PBXFileReference; lastKnownFileType = text.plist.entitlements; path = FaceGuess.entitlements; sourceTree = "<group>"; };
		087BC4D02AE796B300AF725A /* FaceGuess-Bridging-Header.h */ = {isa = PBXFileReference; lastKnownFileType = sourcecode.c.h; path = "FaceGuess-Bridging-Header.h"; sourceTree = "<group>"; };
		087BC4D12AE7A54D00AF725A /* PermissionManager.swift */ = {isa = PBXFileReference; lastKnownFileType = sourcecode.swift; path = PermissionManager.swift; sourceTree = "<group>"; };
		087BC4D42AE8E9B800AF725A /* CommonModel.swift */ = {isa = PBXFileReference; lastKnownFileType = sourcecode.swift; path = CommonModel.swift; sourceTree = "<group>"; };
		087BC4D72AE8EA5F00AF725A /* CommonParametersPlugin.swift */ = {isa = PBXFileReference; lastKnownFileType = sourcecode.swift; path = CommonParametersPlugin.swift; sourceTree = "<group>"; };
		D66297CB2AE36C65006CBBE4 /* CountdownButton.swift */ = {isa = PBXFileReference; lastKnownFileType = sourcecode.swift; path = CountdownButton.swift; sourceTree = "<group>"; };
		D66297CD2AE36F55006CBBE4 /* WebViewController.swift */ = {isa = PBXFileReference; lastKnownFileType = sourcecode.swift; path = WebViewController.swift; sourceTree = "<group>"; };
		D66297CF2AE37492006CBBE4 /* MainTabController.swift */ = {isa = PBXFileReference; lastKnownFileType = sourcecode.swift; path = MainTabController.swift; sourceTree = "<group>"; };
		D66297D22AE375EA006CBBE4 /* HomeViewController.swift */ = {isa = PBXFileReference; lastKnownFileType = sourcecode.swift; path = HomeViewController.swift; sourceTree = "<group>"; };
		D66297D72AE376B5006CBBE4 /* PersonalViewController.swift */ = {isa = PBXFileReference; lastKnownFileType = sourcecode.swift; path = PersonalViewController.swift; sourceTree = "<group>"; };
		D66297D92AE376C8006CBBE4 /* RankViewController.swift */ = {isa = PBXFileReference; lastKnownFileType = sourcecode.swift; path = RankViewController.swift; sourceTree = "<group>"; };
		D66297DB2AE376DC006CBBE4 /* ActivityViewController.swift */ = {isa = PBXFileReference; lastKnownFileType = sourcecode.swift; path = ActivityViewController.swift; sourceTree = "<group>"; };
		D66297DD2AE39861006CBBE4 /* FourGridImageView.swift */ = {isa = PBXFileReference; lastKnownFileType = sourcecode.swift; path = FourGridImageView.swift; sourceTree = "<group>"; };
		D66297DF2AE3A28A006CBBE4 /* HomeShowViewController.swift */ = {isa = PBXFileReference; lastKnownFileType = sourcecode.swift; path = HomeShowViewController.swift; sourceTree = "<group>"; };
		D66297E12AE3B1C8006CBBE4 /* BottomSheetViewController.swift */ = {isa = PBXFileReference; lastKnownFileType = sourcecode.swift; path = BottomSheetViewController.swift; sourceTree = "<group>"; };
		D66297E32AE3B1D8006CBBE4 /* BottomSheetPresentationController.swift */ = {isa = PBXFileReference; lastKnownFileType = sourcecode.swift; path = BottomSheetPresentationController.swift; sourceTree = "<group>"; };
		D66297E52AE3D5B5006CBBE4 /* HomeDetailViewController.swift */ = {isa = PBXFileReference; lastKnownFileType = sourcecode.swift; path = HomeDetailViewController.swift; sourceTree = "<group>"; };
		D66297E72AE404DC006CBBE4 /* ActivityDetailViewController.swift */ = {isa = PBXFileReference; lastKnownFileType = sourcecode.swift; path = ActivityDetailViewController.swift; sourceTree = "<group>"; };
		D66297E92AE4C09E006CBBE4 /* FaceStackView.swift */ = {isa = PBXFileReference; lastKnownFileType = sourcecode.swift; path = FaceStackView.swift; sourceTree = "<group>"; };
		D66297EB2AE4CC38006CBBE4 /* PersonalSettingViewController.swift */ = {isa = PBXFileReference; lastKnownFileType = sourcecode.swift; path = PersonalSettingViewController.swift; sourceTree = "<group>"; };
		D66297ED2AE4FF7E006CBBE4 /* PersonalEditViewController.swift */ = {isa = PBXFileReference; lastKnownFileType = sourcecode.swift; path = PersonalEditViewController.swift; sourceTree = "<group>"; };
		D690906F2AE354D700F7FE2E /* FaceGuess.app */ = {isa = PBXFileReference; explicitFileType = wrapper.application; includeInIndex = 0; path = FaceGuess.app; sourceTree = BUILT_PRODUCTS_DIR; };
		D69090722AE354D700F7FE2E /* AppDelegate.swift */ = {isa = PBXFileReference; lastKnownFileType = sourcecode.swift; path = AppDelegate.swift; sourceTree = "<group>"; };
		D69090742AE354D700F7FE2E /* SceneDelegate.swift */ = {isa = PBXFileReference; lastKnownFileType = sourcecode.swift; path = SceneDelegate.swift; sourceTree = "<group>"; };
		D69090792AE354D700F7FE2E /* Base */ = {isa = PBXFileReference; lastKnownFileType = file.storyboard; name = Base; path = Base.lproj/Main.storyboard; sourceTree = "<group>"; };
		D690907B2AE354D800F7FE2E /* Assets.xcassets */ = {isa = PBXFileReference; lastKnownFileType = folder.assetcatalog; path = Assets.xcassets; sourceTree = "<group>"; };
		D690907E2AE354D800F7FE2E /* Base */ = {isa = PBXFileReference; lastKnownFileType = file.storyboard; name = Base; path = Base.lproj/LaunchScreen.storyboard; sourceTree = "<group>"; };
		D69090802AE354D800F7FE2E /* Info.plist */ = {isa = PBXFileReference; lastKnownFileType = text.plist.xml; path = Info.plist; sourceTree = "<group>"; };
		D69090872AE354FE00F7FE2E /* BaseViewController.swift */ = {isa = PBXFileReference; fileEncoding = 4; lastKnownFileType = sourcecode.swift; path = BaseViewController.swift; sourceTree = "<group>"; };
		D69090882AE354FE00F7FE2E /* Extension.swift */ = {isa = PBXFileReference; fileEncoding = 4; lastKnownFileType = sourcecode.swift; path = Extension.swift; sourceTree = "<group>"; };
		D69090892AE354FE00F7FE2E /* Screen.swift */ = {isa = PBXFileReference; fileEncoding = 4; lastKnownFileType = sourcecode.swift; path = Screen.swift; sourceTree = "<group>"; };
		D690908D2AE3558300F7FE2E /* LoginViewController.swift */ = {isa = PBXFileReference; lastKnownFileType = sourcecode.swift; path = LoginViewController.swift; sourceTree = "<group>"; };
/* End PBXFileReference section */

/* Begin PBXFrameworksBuildPhase section */
		D690906C2AE354D700F7FE2E /* Frameworks */ = {
			isa = PBXFrameworksBuildPhase;
			buildActionMask = 2147483647;
			files = (
				087BC4CE2AE793E300AF725A /* libz.tbd in Frameworks */,
				087BC4CC2AE793D900AF725A /* libc++.tbd in Frameworks */,
				087BC4CA2AE793CA00AF725A /* SystemConfiguration.framework in Frameworks */,
				087BC4C82AE793C200AF725A /* Security.framework in Frameworks */,
				087BC4C62AE793BA00AF725A /* CoreTelephony.framework in Frameworks */,
				087BC4C42AE793B300AF725A /* AdSupport.framework in Frameworks */,
				087BC4C22AE793AA00AF725A /* AppTrackingTransparency.framework in Frameworks */,
				087BC4C02AE7939900AF725A /* StoreKit.framework in Frameworks */,
				087BC4BE2AE7939000AF725A /* iAd.framework in Frameworks */,
				087BC4BC2AE7938600AF725A /* AdServices.framework in Frameworks */,
				D69090A42AE3563900F7FE2E /* RxMoya in Frameworks */,
				087BC4AF2AE63D8700AF725A /* RxGesture in Frameworks */,
				D69090992AE3560900F7FE2E /* RxRelay in Frameworks */,
				087BC4B92AE7930B00AF725A /* libTalkingDataSDK.a in Frameworks */,
				D69090A22AE3563900F7FE2E /* Moya in Frameworks */,
				087BC4B12AE63E3900AF725A /* RxGesture in Frameworks */,
				D69090952AE3560900F7FE2E /* RxCocoa in Frameworks */,
				D69090912AE3560900F7FE2E /* RxBlocking in Frameworks */,
				D690909D2AE3560900F7FE2E /* RxSwift in Frameworks */,
				D69090A72AE3565B00F7FE2E /* SnapKit in Frameworks */,
			);
			runOnlyForDeploymentPostprocessing = 0;
		};
/* End PBXFrameworksBuildPhase section */

/* Begin PBXGroup section */
		087BC4B62AE792DA00AF725A /* TalkingDataSDK */ = {
			isa = PBXGroup;
			children = (
				087BC4B72AE7930B00AF725A /* libTalkingDataSDK.a */,
				087BC4B82AE7930B00AF725A /* TalkingDataSDK.h */,
			);
			path = TalkingDataSDK;
			sourceTree = "<group>";
		};
		087BC4BA2AE7938600AF725A /* Frameworks */ = {
			isa = PBXGroup;
			children = (
				087BC4CD2AE793E300AF725A /* libz.tbd */,
				087BC4CB2AE793D900AF725A /* libc++.tbd */,
				087BC4C92AE793CA00AF725A /* SystemConfiguration.framework */,
				087BC4C72AE793C200AF725A /* Security.framework */,
				087BC4C52AE793BA00AF725A /* CoreTelephony.framework */,
				087BC4C32AE793B300AF725A /* AdSupport.framework */,
				087BC4C12AE793AA00AF725A /* AppTrackingTransparency.framework */,
				087BC4BF2AE7939900AF725A /* StoreKit.framework */,
				087BC4BD2AE7939000AF725A /* iAd.framework */,
				087BC4BB2AE7938600AF725A /* AdServices.framework */,
			);
			name = Frameworks;
			sourceTree = "<group>";
		};
		087BC4D32AE8E9A700AF725A /* Model */ = {
			isa = PBXGroup;
			children = (
				087BC4D42AE8E9B800AF725A /* CommonModel.swift */,
			);
			path = Model;
			sourceTree = "<group>";
		};
		087BC4D62AE8EA4800AF725A /* Networking */ = {
			isa = PBXGroup;
			children = (
				087BC4D72AE8EA5F00AF725A /* CommonParametersPlugin.swift */,
				087792B52AE9003800B54A5F /* NetworkLoggerPlugin.swift */,
				087792B12AE8F1D800B54A5F /* APIService.swift */,
				087792B32AE8F3B600B54A5F /* ViewModel.swift */,
			);
			path = Networking;
			sourceTree = "<group>";
		};
		D66297D12AE375B3006CBBE4 /* Home */ = {
			isa = PBXGroup;
			children = (
				D66297D22AE375EA006CBBE4 /* HomeViewController.swift */,
				D66297DF2AE3A28A006CBBE4 /* HomeShowViewController.swift */,
				D66297E52AE3D5B5006CBBE4 /* HomeDetailViewController.swift */,
			);
			path = Home;
			sourceTree = "<group>";
		};
		D66297D42AE375F5006CBBE4 /* Activity */ = {
			isa = PBXGroup;
			children = (
				D66297DB2AE376DC006CBBE4 /* ActivityViewController.swift */,
				D66297E72AE404DC006CBBE4 /* ActivityDetailViewController.swift */,
			);
			path = Activity;
			sourceTree = "<group>";
		};
		D66297D52AE37641006CBBE4 /* Rank */ = {
			isa = PBXGroup;
			children = (
				D66297D92AE376C8006CBBE4 /* RankViewController.swift */,
			);
			path = Rank;
			sourceTree = "<group>";
		};
		D66297D62AE37657006CBBE4 /* Personal */ = {
			isa = PBXGroup;
			children = (
				D66297D72AE376B5006CBBE4 /* PersonalViewController.swift */,
				D66297EB2AE4CC38006CBBE4 /* PersonalSettingViewController.swift */,
				D66297ED2AE4FF7E006CBBE4 /* PersonalEditViewController.swift */,
			);
			path = Personal;
			sourceTree = "<group>";
		};
		D69090662AE354D700F7FE2E = {
			isa = PBXGroup;
			children = (
				D69090712AE354D700F7FE2E /* FaceGuess */,
				D69090702AE354D700F7FE2E /* Products */,
				087BC4BA2AE7938600AF725A /* Frameworks */,
			);
			sourceTree = "<group>";
		};
		D69090702AE354D700F7FE2E /* Products */ = {
			isa = PBXGroup;
			children = (
				D690906F2AE354D700F7FE2E /* FaceGuess.app */,
			);
			name = Products;
			sourceTree = "<group>";
		};
		D69090712AE354D700F7FE2E /* FaceGuess */ = {
			isa = PBXGroup;
			children = (
				087BC4D62AE8EA4800AF725A /* Networking */,
				087BC4D32AE8E9A700AF725A /* Model */,
				087BC4CF2AE7959300AF725A /* FaceGuess.entitlements */,
				087BC4B62AE792DA00AF725A /* TalkingDataSDK */,
				D66297D12AE375B3006CBBE4 /* Home */,
				D66297D42AE375F5006CBBE4 /* Activity */,
				D66297D52AE37641006CBBE4 /* Rank */,
				D66297D62AE37657006CBBE4 /* Personal */,
				D69090862AE354FE00F7FE2E /* Extension */,
				D69090722AE354D700F7FE2E /* AppDelegate.swift */,
				D69090742AE354D700F7FE2E /* SceneDelegate.swift */,
				D690908D2AE3558300F7FE2E /* LoginViewController.swift */,
				D66297CF2AE37492006CBBE4 /* MainTabController.swift */,
				087BC4D12AE7A54D00AF725A /* PermissionManager.swift */,
				D69090782AE354D700F7FE2E /* Main.storyboard */,
				D690907B2AE354D800F7FE2E /* Assets.xcassets */,
				D690907D2AE354D800F7FE2E /* LaunchScreen.storyboard */,
				D69090802AE354D800F7FE2E /* Info.plist */,
				087BC4D02AE796B300AF725A /* FaceGuess-Bridging-Header.h */,
			);
			path = FaceGuess;
			sourceTree = "<group>";
		};
		D69090862AE354FE00F7FE2E /* Extension */ = {
			isa = PBXGroup;
			children = (
				D69090872AE354FE00F7FE2E /* BaseViewController.swift */,
				D66297CD2AE36F55006CBBE4 /* WebViewController.swift */,
				D69090882AE354FE00F7FE2E /* Extension.swift */,
				D69090892AE354FE00F7FE2E /* Screen.swift */,
				D66297CB2AE36C65006CBBE4 /* CountdownButton.swift */,
				D66297DD2AE39861006CBBE4 /* FourGridImageView.swift */,
				D66297E12AE3B1C8006CBBE4 /* BottomSheetViewController.swift */,
				D66297E32AE3B1D8006CBBE4 /* BottomSheetPresentationController.swift */,
				D66297E92AE4C09E006CBBE4 /* FaceStackView.swift */,
				087BC4B22AE64AEF00AF725A /* TextDislogVIew.swift */,
				087BC4B42AE6602700AF725A /* LocationView.swift */,
			);
			path = Extension;
			sourceTree = "<group>";
		};
/* End PBXGroup section */

/* Begin PBXNativeTarget section */
		D690906E2AE354D700F7FE2E /* FaceGuess */ = {
			isa = PBXNativeTarget;
			buildConfigurationList = D69090832AE354D800F7FE2E /* Build configuration list for PBXNativeTarget "FaceGuess" */;
			buildPhases = (
				D690906B2AE354D700F7FE2E /* Sources */,
				D690906C2AE354D700F7FE2E /* Frameworks */,
				D690906D2AE354D700F7FE2E /* Resources */,
			);
			buildRules = (
			);
			dependencies = (
			);
			name = FaceGuess;
			packageProductDependencies = (
				D69090902AE3560900F7FE2E /* RxBlocking */,
				D69090942AE3560900F7FE2E /* RxCocoa */,
				D69090982AE3560900F7FE2E /* RxRelay */,
				D690909C2AE3560900F7FE2E /* RxSwift */,
				D69090A12AE3563900F7FE2E /* Moya */,
				D69090A32AE3563900F7FE2E /* RxMoya */,
				D69090A62AE3565B00F7FE2E /* SnapKit */,
				087BC4AE2AE63D8700AF725A /* RxGesture */,
				087BC4B02AE63E3900AF725A /* RxGesture */,
			);
			productName = FaceGuess;
			productReference = D690906F2AE354D700F7FE2E /* FaceGuess.app */;
			productType = "com.apple.product-type.application";
		};
/* End PBXNativeTarget section */

/* Begin PBXProject section */
		D69090672AE354D700F7FE2E /* Project object */ = {
			isa = PBXProject;
			attributes = {
				BuildIndependentTargetsInParallel = 1;
				LastSwiftUpdateCheck = 1500;
				LastUpgradeCheck = 1500;
				TargetAttributes = {
					D690906E2AE354D700F7FE2E = {
						CreatedOnToolsVersion = 15.0;
					};
				};
			};
			buildConfigurationList = D690906A2AE354D700F7FE2E /* Build configuration list for PBXProject "FaceGuess" */;
			compatibilityVersion = "Xcode 14.0";
			developmentRegion = en;
			hasScannedForEncodings = 0;
			knownRegions = (
				en,
				Base,
			);
			mainGroup = D69090662AE354D700F7FE2E;
			packageReferences = (
				D690908F2AE3560900F7FE2E /* XCRemoteSwiftPackageReference "RxSwift" */,
				D69090A02AE3563900F7FE2E /* XCRemoteSwiftPackageReference "Moya" */,
				D69090A52AE3565B00F7FE2E /* XCRemoteSwiftPackageReference "SnapKit" */,
				087BC4AD2AE63D8700AF725A /* XCRemoteSwiftPackageReference "RxGesture" */,
			);
			productRefGroup = D69090702AE354D700F7FE2E /* Products */;
			projectDirPath = "";
			projectRoot = "";
			targets = (
				D690906E2AE354D700F7FE2E /* FaceGuess */,
			);
		};
/* End PBXProject section */

/* Begin PBXResourcesBuildPhase section */
		D690906D2AE354D700F7FE2E /* Resources */ = {
			isa = PBXResourcesBuildPhase;
			buildActionMask = 2147483647;
			files = (
				D690907F2AE354D800F7FE2E /* LaunchScreen.storyboard in Resources */,
				D690907C2AE354D800F7FE2E /* Assets.xcassets in Resources */,
				D690907A2AE354D700F7FE2E /* Main.storyboard in Resources */,
			);
			runOnlyForDeploymentPostprocessing = 0;
		};
/* End PBXResourcesBuildPhase section */

/* Begin PBXSourcesBuildPhase section */
		D690906B2AE354D700F7FE2E /* Sources */ = {
			isa = PBXSourcesBuildPhase;
			buildActionMask = 2147483647;
			files = (
				D66297EE2AE4FF7E006CBBE4 /* PersonalEditViewController.swift in Sources */,
				087BC4B52AE6602700AF725A /* LocationView.swift in Sources */,
				087BC4B32AE64AEF00AF725A /* TextDislogVIew.swift in Sources */,
				D690908E2AE3558300F7FE2E /* LoginViewController.swift in Sources */,
				D690908B2AE354FE00F7FE2E /* Extension.swift in Sources */,
				D66297DA2AE376C8006CBBE4 /* RankViewController.swift in Sources */,
				087792B42AE8F3B600B54A5F /* ViewModel.swift in Sources */,
				087792B62AE9003800B54A5F /* NetworkLoggerPlugin.swift in Sources */,
				D690908A2AE354FE00F7FE2E /* BaseViewController.swift in Sources */,
				D66297EC2AE4CC38006CBBE4 /* PersonalSettingViewController.swift in Sources */,
				D66297E42AE3B1D8006CBBE4 /* BottomSheetPresentationController.swift in Sources */,
				D66297CC2AE36C65006CBBE4 /* CountdownButton.swift in Sources */,
				D69090732AE354D700F7FE2E /* AppDelegate.swift in Sources */,
				D66297D32AE375EA006CBBE4 /* HomeViewController.swift in Sources */,
				087BC4D82AE8EA5F00AF725A /* CommonParametersPlugin.swift in Sources */,
				D66297E22AE3B1C8006CBBE4 /* BottomSheetViewController.swift in Sources */,
				D66297D02AE37492006CBBE4 /* MainTabController.swift in Sources */,
				087BC4D52AE8E9B800AF725A /* CommonModel.swift in Sources */,
				D66297DC2AE376DC006CBBE4 /* ActivityViewController.swift in Sources */,
				D69090752AE354D700F7FE2E /* SceneDelegate.swift in Sources */,
				087BC4D22AE7A54D00AF725A /* PermissionManager.swift in Sources */,
				D66297E62AE3D5B5006CBBE4 /* HomeDetailViewController.swift in Sources */,
				D690908C2AE354FE00F7FE2E /* Screen.swift in Sources */,
				D66297CE2AE36F55006CBBE4 /* WebViewController.swift in Sources */,
				087792B22AE8F1D800B54A5F /* APIService.swift in Sources */,
				D66297DE2AE39861006CBBE4 /* FourGridImageView.swift in Sources */,
				D66297D82AE376B5006CBBE4 /* PersonalViewController.swift in Sources */,
				D66297E82AE404DC006CBBE4 /* ActivityDetailViewController.swift in Sources */,
				D66297EA2AE4C09E006CBBE4 /* FaceStackView.swift in Sources */,
				D66297E02AE3A28A006CBBE4 /* HomeShowViewController.swift in Sources */,
			);
			runOnlyForDeploymentPostprocessing = 0;
		};
/* End PBXSourcesBuildPhase section */

/* Begin PBXVariantGroup section */
		D69090782AE354D700F7FE2E /* Main.storyboard */ = {
			isa = PBXVariantGroup;
			children = (
				D69090792AE354D700F7FE2E /* Base */,
			);
			name = Main.storyboard;
			sourceTree = "<group>";
		};
		D690907D2AE354D800F7FE2E /* LaunchScreen.storyboard */ = {
			isa = PBXVariantGroup;
			children = (
				D690907E2AE354D800F7FE2E /* Base */,
			);
			name = LaunchScreen.storyboard;
			sourceTree = "<group>";
		};
/* End PBXVariantGroup section */

/* Begin XCBuildConfiguration section */
		D69090812AE354D800F7FE2E /* Debug */ = {
			isa = XCBuildConfiguration;
			buildSettings = {
				ALWAYS_SEARCH_USER_PATHS = NO;
				ASSETCATALOG_COMPILER_GENERATE_SWIFT_ASSET_SYMBOL_EXTENSIONS = YES;
				CLANG_ANALYZER_NONNULL = YES;
				CLANG_ANALYZER_NUMBER_OBJECT_CONVERSION = YES_AGGRESSIVE;
				CLANG_CXX_LANGUAGE_STANDARD = "gnu++20";
				CLANG_ENABLE_MODULES = YES;
				CLANG_ENABLE_OBJC_ARC = YES;
				CLANG_ENABLE_OBJC_WEAK = YES;
				CLANG_WARN_BLOCK_CAPTURE_AUTORELEASING = YES;
				CLANG_WARN_BOOL_CONVERSION = YES;
				CLANG_WARN_COMMA = YES;
				CLANG_WARN_CONSTANT_CONVERSION = YES;
				CLANG_WARN_DEPRECATED_OBJC_IMPLEMENTATIONS = YES;
				CLANG_WARN_DIRECT_OBJC_ISA_USAGE = YES_ERROR;
				CLANG_WARN_DOCUMENTATION_COMMENTS = YES;
				CLANG_WARN_EMPTY_BODY = YES;
				CLANG_WARN_ENUM_CONVERSION = YES;
				CLANG_WARN_INFINITE_RECURSION = YES;
				CLANG_WARN_INT_CONVERSION = YES;
				CLANG_WARN_NON_LITERAL_NULL_CONVERSION = YES;
				CLANG_WARN_OBJC_IMPLICIT_RETAIN_SELF = YES;
				CLANG_WARN_OBJC_LITERAL_CONVERSION = YES;
				CLANG_WARN_OBJC_ROOT_CLASS = YES_ERROR;
				CLANG_WARN_QUOTED_INCLUDE_IN_FRAMEWORK_HEADER = YES;
				CLANG_WARN_RANGE_LOOP_ANALYSIS = YES;
				CLANG_WARN_STRICT_PROTOTYPES = YES;
				CLANG_WARN_SUSPICIOUS_MOVE = YES;
				CLANG_WARN_UNGUARDED_AVAILABILITY = YES_AGGRESSIVE;
				CLANG_WARN_UNREACHABLE_CODE = YES;
				CLANG_WARN__DUPLICATE_METHOD_MATCH = YES;
				COPY_PHASE_STRIP = NO;
				DEBUG_INFORMATION_FORMAT = dwarf;
				ENABLE_STRICT_OBJC_MSGSEND = YES;
				ENABLE_TESTABILITY = YES;
				ENABLE_USER_SCRIPT_SANDBOXING = YES;
				GCC_C_LANGUAGE_STANDARD = gnu17;
				GCC_DYNAMIC_NO_PIC = NO;
				GCC_NO_COMMON_BLOCKS = YES;
				GCC_OPTIMIZATION_LEVEL = 0;
				GCC_PREPROCESSOR_DEFINITIONS = (
					"DEBUG=1",
					"$(inherited)",
				);
				GCC_WARN_64_TO_32_BIT_CONVERSION = YES;
				GCC_WARN_ABOUT_RETURN_TYPE = YES_ERROR;
				GCC_WARN_UNDECLARED_SELECTOR = YES;
				GCC_WARN_UNINITIALIZED_AUTOS = YES_AGGRESSIVE;
				GCC_WARN_UNUSED_FUNCTION = YES;
				GCC_WARN_UNUSED_VARIABLE = YES;
				IPHONEOS_DEPLOYMENT_TARGET = 17.0;
				LOCALIZATION_PREFERS_STRING_CATALOGS = YES;
				MTL_ENABLE_DEBUG_INFO = INCLUDE_SOURCE;
				MTL_FAST_MATH = YES;
				ONLY_ACTIVE_ARCH = YES;
				SDKROOT = iphoneos;
				SWIFT_ACTIVE_COMPILATION_CONDITIONS = "DEBUG $(inherited)";
				SWIFT_OPTIMIZATION_LEVEL = "-Onone";
			};
			name = Debug;
		};
		D69090822AE354D800F7FE2E /* Release */ = {
			isa = XCBuildConfiguration;
			buildSettings = {
				ALWAYS_SEARCH_USER_PATHS = NO;
				ASSETCATALOG_COMPILER_GENERATE_SWIFT_ASSET_SYMBOL_EXTENSIONS = YES;
				CLANG_ANALYZER_NONNULL = YES;
				CLANG_ANALYZER_NUMBER_OBJECT_CONVERSION = YES_AGGRESSIVE;
				CLANG_CXX_LANGUAGE_STANDARD = "gnu++20";
				CLANG_ENABLE_MODULES = YES;
				CLANG_ENABLE_OBJC_ARC = YES;
				CLANG_ENABLE_OBJC_WEAK = YES;
				CLANG_WARN_BLOCK_CAPTURE_AUTORELEASING = YES;
				CLANG_WARN_BOOL_CONVERSION = YES;
				CLANG_WARN_COMMA = YES;
				CLANG_WARN_CONSTANT_CONVERSION = YES;
				CLANG_WARN_DEPRECATED_OBJC_IMPLEMENTATIONS = YES;
				CLANG_WARN_DIRECT_OBJC_ISA_USAGE = YES_ERROR;
				CLANG_WARN_DOCUMENTATION_COMMENTS = YES;
				CLANG_WARN_EMPTY_BODY = YES;
				CLANG_WARN_ENUM_CONVERSION = YES;
				CLANG_WARN_INFINITE_RECURSION = YES;
				CLANG_WARN_INT_CONVERSION = YES;
				CLANG_WARN_NON_LITERAL_NULL_CONVERSION = YES;
				CLANG_WARN_OBJC_IMPLICIT_RETAIN_SELF = YES;
				CLANG_WARN_OBJC_LITERAL_CONVERSION = YES;
				CLANG_WARN_OBJC_ROOT_CLASS = YES_ERROR;
				CLANG_WARN_QUOTED_INCLUDE_IN_FRAMEWORK_HEADER = YES;
				CLANG_WARN_RANGE_LOOP_ANALYSIS = YES;
				CLANG_WARN_STRICT_PROTOTYPES = YES;
				CLANG_WARN_SUSPICIOUS_MOVE = YES;
				CLANG_WARN_UNGUARDED_AVAILABILITY = YES_AGGRESSIVE;
				CLANG_WARN_UNREACHABLE_CODE = YES;
				CLANG_WARN__DUPLICATE_METHOD_MATCH = YES;
				COPY_PHASE_STRIP = NO;
				DEBUG_INFORMATION_FORMAT = "dwarf-with-dsym";
				ENABLE_NS_ASSERTIONS = NO;
				ENABLE_STRICT_OBJC_MSGSEND = YES;
				ENABLE_USER_SCRIPT_SANDBOXING = YES;
				GCC_C_LANGUAGE_STANDARD = gnu17;
				GCC_NO_COMMON_BLOCKS = YES;
				GCC_WARN_64_TO_32_BIT_CONVERSION = YES;
				GCC_WARN_ABOUT_RETURN_TYPE = YES_ERROR;
				GCC_WARN_UNDECLARED_SELECTOR = YES;
				GCC_WARN_UNINITIALIZED_AUTOS = YES_AGGRESSIVE;
				GCC_WARN_UNUSED_FUNCTION = YES;
				GCC_WARN_UNUSED_VARIABLE = YES;
				IPHONEOS_DEPLOYMENT_TARGET = 17.0;
				LOCALIZATION_PREFERS_STRING_CATALOGS = YES;
				MTL_ENABLE_DEBUG_INFO = NO;
				MTL_FAST_MATH = YES;
				SDKROOT = iphoneos;
				SWIFT_COMPILATION_MODE = wholemodule;
				VALIDATE_PRODUCT = YES;
			};
			name = Release;
		};
		D69090842AE354D800F7FE2E /* Debug */ = {
			isa = XCBuildConfiguration;
			buildSettings = {
				ASSETCATALOG_COMPILER_APPICON_NAME = AppIcon;
				ASSETCATALOG_COMPILER_GLOBAL_ACCENT_COLOR_NAME = AccentColor;
				CODE_SIGN_ENTITLEMENTS = FaceGuess/FaceGuess.entitlements;
				CODE_SIGN_STYLE = Automatic;
				CURRENT_PROJECT_VERSION = 1;
				DEVELOPMENT_TEAM = 4V8M6B9A6S;
				GENERATE_INFOPLIST_FILE = YES;
				INFOPLIST_FILE = FaceGuess/Info.plist;
				INFOPLIST_KEY_CFBundleDisplayName = "脸猜";
				INFOPLIST_KEY_NSCameraUsageDescription = "需要你的相机拍摄来修改头像";
				INFOPLIST_KEY_NSLocationAlwaysUsageDescription = "您的位置信息来更好的推荐匹配人员";
				INFOPLIST_KEY_NSLocationWhenInUseUsageDescription = "您的位置信息来更好的推荐匹配人员";
				INFOPLIST_KEY_NSPhotoLibraryUsageDescription = "需要你的相册来修改头像";
				INFOPLIST_KEY_UIApplicationSupportsIndirectInputEvents = YES;
				INFOPLIST_KEY_UILaunchStoryboardName = LaunchScreen;
				INFOPLIST_KEY_UIMainStoryboardFile = Main;
				INFOPLIST_KEY_UISupportedInterfaceOrientations = UIInterfaceOrientationPortrait;
				INFOPLIST_KEY_UISupportedInterfaceOrientations_iPad = "UIInterfaceOrientationLandscapeLeft UIInterfaceOrientationLandscapeRight UIInterfaceOrientationPortrait UIInterfaceOrientationPortraitUpsideDown";
				IPHONEOS_DEPLOYMENT_TARGET = 15.0;
				LD_RUNPATH_SEARCH_PATHS = (
					"$(inherited)",
					"@executable_path/Frameworks",
				);
				LIBRARY_SEARCH_PATHS = (
					"$(inherited)",
					"$(PROJECT_DIR)/FaceGuess/TalkingDataSDK",
				);
				MARKETING_VERSION = 1.0;
				PRODUCT_BUNDLE_IDENTIFIER = com.daydream.faceguess;
				PRODUCT_NAME = "$(TARGET_NAME)";
				SUPPORTED_PLATFORMS = "iphoneos iphonesimulator";
				SUPPORTS_MACCATALYST = NO;
				SUPPORTS_MAC_DESIGNED_FOR_IPHONE_IPAD = NO;
				SWIFT_EMIT_LOC_STRINGS = YES;
				SWIFT_OBJC_BRIDGING_HEADER = "FaceGuess/FaceGuess-Bridging-Header.h";
				SWIFT_VERSION = 5.0;
				TARGETED_DEVICE_FAMILY = 1;
			};
			name = Debug;
		};
		D69090852AE354D800F7FE2E /* Release */ = {
			isa = XCBuildConfiguration;
			buildSettings = {
				ASSETCATALOG_COMPILER_APPICON_NAME = AppIcon;
				ASSETCATALOG_COMPILER_GLOBAL_ACCENT_COLOR_NAME = AccentColor;
				CODE_SIGN_ENTITLEMENTS = FaceGuess/FaceGuess.entitlements;
				CODE_SIGN_STYLE = Automatic;
				CURRENT_PROJECT_VERSION = 1;
				DEVELOPMENT_TEAM = 4V8M6B9A6S;
				GENERATE_INFOPLIST_FILE = YES;
				INFOPLIST_FILE = FaceGuess/Info.plist;
				INFOPLIST_KEY_CFBundleDisplayName = "脸猜";
				INFOPLIST_KEY_NSCameraUsageDescription = "需要你的相机拍摄来修改头像";
				INFOPLIST_KEY_NSLocationAlwaysUsageDescription = "您的位置信息来更好的推荐匹配人员";
				INFOPLIST_KEY_NSLocationWhenInUseUsageDescription = "您的位置信息来更好的推荐匹配人员";
				INFOPLIST_KEY_NSPhotoLibraryUsageDescription = "需要你的相册来修改头像";
				INFOPLIST_KEY_UIApplicationSupportsIndirectInputEvents = YES;
				INFOPLIST_KEY_UILaunchStoryboardName = LaunchScreen;
				INFOPLIST_KEY_UIMainStoryboardFile = Main;
				INFOPLIST_KEY_UISupportedInterfaceOrientations = UIInterfaceOrientationPortrait;
				INFOPLIST_KEY_UISupportedInterfaceOrientations_iPad = "UIInterfaceOrientationLandscapeLeft UIInterfaceOrientationLandscapeRight UIInterfaceOrientationPortrait UIInterfaceOrientationPortraitUpsideDown";
				IPHONEOS_DEPLOYMENT_TARGET = 15.0;
				LD_RUNPATH_SEARCH_PATHS = (
					"$(inherited)",
					"@executable_path/Frameworks",
				);
				LIBRARY_SEARCH_PATHS = (
					"$(inherited)",
					"$(PROJECT_DIR)/FaceGuess/TalkingDataSDK",
				);
				MARKETING_VERSION = 1.0;
				PRODUCT_BUNDLE_IDENTIFIER = com.daydream.faceguess;
				PRODUCT_NAME = "$(TARGET_NAME)";
				SUPPORTED_PLATFORMS = "iphoneos iphonesimulator";
				SUPPORTS_MACCATALYST = NO;
				SUPPORTS_MAC_DESIGNED_FOR_IPHONE_IPAD = NO;
				SWIFT_EMIT_LOC_STRINGS = YES;
				SWIFT_OBJC_BRIDGING_HEADER = "FaceGuess/FaceGuess-Bridging-Header.h";
				SWIFT_VERSION = 5.0;
				TARGETED_DEVICE_FAMILY = 1;
			};
			name = Release;
		};
/* End XCBuildConfiguration section */

/* Begin XCConfigurationList section */
		D690906A2AE354D700F7FE2E /* Build configuration list for PBXProject "FaceGuess" */ = {
			isa = XCConfigurationList;
			buildConfigurations = (
				D69090812AE354D800F7FE2E /* Debug */,
				D69090822AE354D800F7FE2E /* Release */,
			);
			defaultConfigurationIsVisible = 0;
			defaultConfigurationName = Release;
		};
		D69090832AE354D800F7FE2E /* Build configuration list for PBXNativeTarget "FaceGuess" */ = {
			isa = XCConfigurationList;
			buildConfigurations = (
				D69090842AE354D800F7FE2E /* Debug */,
				D69090852AE354D800F7FE2E /* Release */,
			);
			defaultConfigurationIsVisible = 0;
			defaultConfigurationName = Release;
		};
/* End XCConfigurationList section */

/* Begin XCRemoteSwiftPackageReference section */
		087BC4AD2AE63D8700AF725A /* XCRemoteSwiftPackageReference "RxGesture" */ = {
			isa = XCRemoteSwiftPackageReference;
			repositoryURL = "https://github.com/RxSwiftCommunity/RxGesture.git";
			requirement = {
				kind = upToNextMajorVersion;
				minimumVersion = 4.0.4;
			};
		};
		D690908F2AE3560900F7FE2E /* XCRemoteSwiftPackageReference "RxSwift" */ = {
			isa = XCRemoteSwiftPackageReference;
			repositoryURL = "https://github.com/ReactiveX/RxSwift.git";
			requirement = {
				kind = upToNextMajorVersion;
				minimumVersion = 6.6.0;
			};
		};
		D69090A02AE3563900F7FE2E /* XCRemoteSwiftPackageReference "Moya" */ = {
			isa = XCRemoteSwiftPackageReference;
			repositoryURL = "https://github.com/Moya/Moya.git";
			requirement = {
				kind = upToNextMajorVersion;
				minimumVersion = 15.0.3;
			};
		};
		D69090A52AE3565B00F7FE2E /* XCRemoteSwiftPackageReference "SnapKit" */ = {
			isa = XCRemoteSwiftPackageReference;
			repositoryURL = "https://github.com/SnapKit/SnapKit.git";
			requirement = {
				kind = upToNextMajorVersion;
				minimumVersion = 5.6.0;
			};
		};
/* End XCRemoteSwiftPackageReference section */

/* Begin XCSwiftPackageProductDependency section */
		087BC4AE2AE63D8700AF725A /* RxGesture */ = {
			isa = XCSwiftPackageProductDependency;
			package = 087BC4AD2AE63D8700AF725A /* XCRemoteSwiftPackageReference "RxGesture" */;
			productName = RxGesture;
		};
		087BC4B02AE63E3900AF725A /* RxGesture */ = {
			isa = XCSwiftPackageProductDependency;
			package = 087BC4AD2AE63D8700AF725A /* XCRemoteSwiftPackageReference "RxGesture" */;
			productName = RxGesture;
		};
		D69090902AE3560900F7FE2E /* RxBlocking */ = {
			isa = XCSwiftPackageProductDependency;
			package = D690908F2AE3560900F7FE2E /* XCRemoteSwiftPackageReference "RxSwift" */;
			productName = RxBlocking;
		};
		D69090942AE3560900F7FE2E /* RxCocoa */ = {
			isa = XCSwiftPackageProductDependency;
			package = D690908F2AE3560900F7FE2E /* XCRemoteSwiftPackageReference "RxSwift" */;
			productName = RxCocoa;
		};
		D69090982AE3560900F7FE2E /* RxRelay */ = {
			isa = XCSwiftPackageProductDependency;
			package = D690908F2AE3560900F7FE2E /* XCRemoteSwiftPackageReference "RxSwift" */;
			productName = RxRelay;
		};
		D690909C2AE3560900F7FE2E /* RxSwift */ = {
			isa = XCSwiftPackageProductDependency;
			package = D690908F2AE3560900F7FE2E /* XCRemoteSwiftPackageReference "RxSwift" */;
			productName = RxSwift;
		};
		D69090A12AE3563900F7FE2E /* Moya */ = {
			isa = XCSwiftPackageProductDependency;
			package = D69090A02AE3563900F7FE2E /* XCRemoteSwiftPackageReference "Moya" */;
			productName = Moya;
		};
		D69090A32AE3563900F7FE2E /* RxMoya */ = {
			isa = XCSwiftPackageProductDependency;
			package = D69090A02AE3563900F7FE2E /* XCRemoteSwiftPackageReference "Moya" */;
			productName = RxMoya;
		};
		D69090A62AE3565B00F7FE2E /* SnapKit */ = {
			isa = XCSwiftPackageProductDependency;
			package = D69090A52AE3565B00F7FE2E /* XCRemoteSwiftPackageReference "SnapKit" */;
			productName = SnapKit;
		};
/* End XCSwiftPackageProductDependency section */
	};
	rootObject = D69090672AE354D700F7FE2E /* Project object */;
}
